
Microsoft Visual Studio Solution File, Format Version 12.00
# Visual Studio Version 17
VisualStudioVersion = 17.10.34916.146
MinimumVisualStudioVersion = 10.0.40219.1
Project("{FAE04EC0-301F-11D3-BF4B-00C04F79EFBC}") = "DEV", "DEV.csproj", "{31A5CACD-6150-4960-A061-78161F9639CB}"
EndProject
Global
	GlobalSection(SolutionConfigurationPlatforms) = preSolution
		Debug|Any CPU = Debug|Any CPU
		Release|Any CPU = Release|Any CPU
	EndGlobalSection
	GlobalSection(ProjectConfigurationPlatforms) = postSolution
		{31A5CACD-6150-4960-A061-78161F9639CB}.Debug|Any CPU.ActiveCfg = Debug|Any CPU
		{31A5CACD-6150-4960-A061-78161F9639CB}.Debug|Any CPU.Build.0 = Debug|Any CPU
		{31A5CACD-6150-4960-A061-78161F9639CB}.Release|Any CPU.ActiveCfg = Release|Any CPU
		{31A5CACD-6150-4960-A061-78161F9639CB}.Release|Any CPU.Build.0 = Release|Any CPU
	EndGlobalSection
	GlobalSection(SolutionProperties) = preSolution
		HideSolutionNode = FALSE
	EndGlobalSection
	GlobalSection(ExtensibilityGlobals) = postSolution
		SolutionGuid = {30929A67-EC4A-4D26-8209-B3A223D06FC5}
	EndGlobalSection
EndGlobal
